
Microsoft Visual Studio Solution File, Format Version 12.00
# Visual Studio Version 17
VisualStudioVersion = 17.5.33627.172
MinimumVisualStudioVersion = 10.0.40219.1
Project("{FAE04EC0-301F-11D3-BF4B-00C04F79EFBC}") = "Asp Practise", "Asp Practise\Asp Practise.csproj", "{654803AE-D2C8-4E1E-8F0F-A0B6906902D8}"
EndProject
Global
	GlobalSection(SolutionConfigurationPlatforms) = preSolution
		Debug|Any CPU = Debug|Any CPU
		Release|Any CPU = Release|Any CPU
	EndGlobalSection
	GlobalSection(ProjectConfigurationPlatforms) = postSolution
		{654803AE-D2C8-4E1E-8F0F-A0B6906902D8}.Debug|Any CPU.ActiveCfg = Debug|Any CPU
		{654803AE-D2C8-4E1E-8F0F-A0B6906902D8}.Debug|Any CPU.Build.0 = Debug|Any CPU
		{654803AE-D2C8-4E1E-8F0F-A0B6906902D8}.Release|Any CPU.ActiveCfg = Release|Any CPU
		{654803AE-D2C8-4E1E-8F0F-A0B6906902D8}.Release|Any CPU.Build.0 = Release|Any CPU
	EndGlobalSection
	GlobalSection(SolutionProperties) = preSolution
		HideSolutionNode = FALSE
	EndGlobalSection
	GlobalSection(ExtensibilityGlobals) = postSolution
		SolutionGuid = {6757F23C-A870-4DB4-8F28-FE7EA7AFE3E0}
	EndGlobalSection
EndGlobal
